
Microsoft Visual Studio Solution File, Format Version 12.00
# Visual Studio Version 17
VisualStudioVersion = 17.9.34607.119
MinimumVisualStudioVersion = 10.0.40219.1
Project("{FAE04EC0-301F-11D3-BF4B-00C04F79EFBC}") = "Assignment 3", "Assignment 3\Assignment 3.csproj", "{CFB8CAE5-09AB-4FB3-8286-3A1D146C8167}"
EndProject
Global
	GlobalSection(SolutionConfigurationPlatforms) = preSolution
		Debug|Any CPU = Debug|Any CPU
		Release|Any CPU = Release|Any CPU
	EndGlobalSection
	GlobalSection(ProjectConfigurationPlatforms) = postSolution
		{CFB8CAE5-09AB-4FB3-8286-3A1D146C8167}.Debug|Any CPU.ActiveCfg = Debug|Any CPU
		{CFB8CAE5-09AB-4FB3-8286-3A1D146C8167}.Debug|Any CPU.Build.0 = Debug|Any CPU
		{CFB8CAE5-09AB-4FB3-8286-3A1D146C8167}.Release|Any CPU.ActiveCfg = Release|Any CPU
		{CFB8CAE5-09AB-4FB3-8286-3A1D146C8167}.Release|Any CPU.Build.0 = Release|Any CPU
	EndGlobalSection
	GlobalSection(SolutionProperties) = preSolution
		HideSolutionNode = FALSE
	EndGlobalSection
	GlobalSection(ExtensibilityGlobals) = postSolution
		SolutionGuid = {9FB1C2D2-92E1-42D9-BDE9-DDD8DB799343}
	EndGlobalSection
EndGlobal
